
Microsoft Visual Studio Solution File, Format Version 12.00
# Visual Studio 15
VisualStudioVersion = 15.0.27703.2035
MinimumVisualStudioVersion = 10.0.40219.1
Project("{FAE04EC0-301F-11D3-BF4B-00C04F79EFBC}") = "Template-Example", "Template-Example\Template-Example.csproj", "{FF1C9B52-CB61-446B-A3CF-CE53FDFC7046}"
EndProject
Global
	GlobalSection(SolutionConfigurationPlatforms) = preSolution
		Debug|Any CPU = Debug|Any CPU
		Release|Any CPU = Release|Any CPU
	EndGlobalSection
	GlobalSection(ProjectConfigurationPlatforms) = postSolution
		{FF1C9B52-CB61-446B-A3CF-CE53FDFC7046}.Debug|Any CPU.ActiveCfg = Debug|Any CPU
		{FF1C9B52-CB61-446B-A3CF-CE53FDFC7046}.Debug|Any CPU.Build.0 = Debug|Any CPU
		{FF1C9B52-CB61-446B-A3CF-CE53FDFC7046}.Release|Any CPU.ActiveCfg = Release|Any CPU
		{FF1C9B52-CB61-446B-A3CF-CE53FDFC7046}.Release|Any CPU.Build.0 = Release|Any CPU
	EndGlobalSection
	GlobalSection(SolutionProperties) = preSolution
		HideSolutionNode = FALSE
	EndGlobalSection
	GlobalSection(ExtensibilityGlobals) = postSolution
		SolutionGuid = {3EC6082E-616E-40B0-94C9-020F1AA460FA}
	EndGlobalSection
EndGlobal
